{
  "name": "@hyva-themes/hyva-modules",
  "version": "1.2.4",
  "lockfileVersion": 2,
  "requires": true,
  "packages": {
    "": {
      "name": "@hyva-themes/hyva-modules",
      "version": "1.2.4",
      "license": "OSL-3.0",
      "dependencies": {
        "@fylgja/props-builder": "^2.1.0",
        "deepmerge": "^4.3.1"
      },
      "bin": {
        "hyva-init": "bin/init-config.js",
        "hyva-sources": "bin/generate-sources.js",
        "hyva-tokens": "bin/generate-tokens.js"
      },
      "devDependencies": {
        "tailwindcss": "^4.2.1"
      }
    },
    "node_modules/@fylgja/props-builder": {
      "version": "2.1.0",
      "resolved": "https://registry.npmjs.org/@fylgja/props-builder/-/props-builder-2.1.0.tgz",
      "integrity": "sha512-iZwiQVpjFNuhbLBUt42KhPiYewIYHOAuIDdH3CCuaD+yxC+91Q9Z9qoMayZc/RIUYhNTRy03EnJDTeyoRdt0fg==",
      "license": "MIT"
    },
    "node_modules/deepmerge": {
      "version": "4.3.1",
      "resolved": "https://registry.npmjs.org/deepmerge/-/deepmerge-4.3.1.tgz",
      "integrity": "sha512-3sUqbMEc77XqpdNO7FRyRog+eW3ph+GYCbj+rK+uYyRMuwsVy0rMiVtPn+QJlKFvWP/1PYpapqYn0Me2knFn+A==",
      "license": "MIT",
      "engines": {
        "node": ">=0.10.0"
      }
    },
    "node_modules/tailwindcss": {
      "version": "4.2.1",
      "resolved": "https://registry.npmjs.org/tailwindcss/-/tailwindcss-4.2.1.tgz",
      "integrity": "sha512-/tBrSQ36vCleJkAOsy9kbNTgaxvGbyOamC30PRePTQe/o1MFwEKHQk4Cn7BNGaPtjp+PuUrByJehM1hgxfq4sw==",
      "dev": true,
      "license": "MIT"
    }
  },
  "dependencies": {
    "@fylgja/props-builder": {
      "version": "2.1.0",
      "resolved": "https://registry.npmjs.org/@fylgja/props-builder/-/props-builder-2.1.0.tgz",
      "integrity": "sha512-iZwiQVpjFNuhbLBUt42KhPiYewIYHOAuIDdH3CCuaD+yxC+91Q9Z9qoMayZc/RIUYhNTRy03EnJDTeyoRdt0fg=="
    },
    "deepmerge": {
      "version": "4.3.1",
      "resolved": "https://registry.npmjs.org/deepmerge/-/deepmerge-4.3.1.tgz",
      "integrity": "sha512-3sUqbMEc77XqpdNO7FRyRog+eW3ph+GYCbj+rK+uYyRMuwsVy0rMiVtPn+QJlKFvWP/1PYpapqYn0Me2knFn+A=="
    },
    "tailwindcss": {
      "version": "4.2.1",
      "resolved": "https://registry.npmjs.org/tailwindcss/-/tailwindcss-4.2.1.tgz",
      "integrity": "sha512-/tBrSQ36vCleJkAOsy9kbNTgaxvGbyOamC30PRePTQe/o1MFwEKHQk4Cn7BNGaPtjp+PuUrByJehM1hgxfq4sw==",
      "dev": true
    }
  }
}
